// !$*UTF8*$!
{
	archiveVersion = 1;
	classes = {
	};
	objectVersion = 46;
	objects = {

/* Begin PBXBuildFile section */
		A82300A61AE0892C00459317 /* AppDelegate.swift in Sources */ = {isa = PBXBuildFile; fileRef = A82300A51AE0892C00459317 /* AppDelegate.swift */; };
		A82300A81AE0892C00459317 /* ViewController.swift in Sources */ = {isa = PBXBuildFile; fileRef = A82300A71AE0892C00459317 /* ViewController.swift */; };
		A82300AB1AE0892C00459317 /* Main.storyboard in Resources */ = {isa = PBXBuildFile; fileRef = A82300A91AE0892C00459317 /* Main.storyboard */; };
		A82300AD1AE0892C00459317 /* Images.xcassets in Resources */ = {isa = PBXBuildFile; fileRef = A82300AC1AE0892C00459317 /* Images.xcassets */; };
		A82300B01AE0892C00459317 /* LaunchScreen.xib in Resources */ = {isa = PBXBuildFile; fileRef = A82300AE1AE0892C00459317 /* LaunchScreen.xib */; };
		A82300BC1AE0892C00459317 /* instaSLAMTests.swift in Sources */ = {isa = PBXBuildFile; fileRef = A82300BB1AE0892C00459317 /* instaSLAMTests.swift */; };
/* End PBXBuildFile section */

/* Begin PBXContainerItemProxy section */
		A82300B61AE0892C00459317 /* PBXContainerItemProxy */ = {
			isa = PBXContainerItemProxy;
			containerPortal = A82300981AE0892C00459317 /* Project object */;
			proxyType = 1;
			remoteGlobalIDString = A823009F1AE0892C00459317;
			remoteInfo = instaSLAM;
		};
/* End PBXContainerItemProxy section */

/* Begin PBXFileReference section */
		A82300A01AE0892C00459317 /* instaSLAM.app */ = {isa = PBXFileReference; explicitFileType = wrapper.application; includeInIndex = 0; path = instaSLAM.app; sourceTree = BUILT_PRODUCTS_DIR; };
		A82300A41AE0892C00459317 /* Info.plist */ = {isa = PBXFileReference; lastKnownFileType = text.plist.xml; path = Info.plist; sourceTree = "<group>"; };
		A82300A51AE0892C00459317 /* AppDelegate.swift */ = {isa = PBXFileReference; lastKnownFileType = sourcecode.swift; path = AppDelegate.swift; sourceTree = "<group>"; };
		A82300A71AE0892C00459317 /* ViewController.swift */ = {isa = PBXFileReference; lastKnownFileType = sourcecode.swift; path = ViewController.swift; sourceTree = "<group>"; };
		A82300AA1AE0892C00459317 /* Base */ = {isa = PBXFileReference; lastKnownFileType = file.storyboard; name = Base; path = Base.lproj/Main.storyboard; sourceTree = "<group>"; };
		A82300AC1AE0892C00459317 /* Images.xcassets */ = {isa = PBXFileReference; lastKnownFileType = folder.assetcatalog; path = Images.xcassets; sourceTree = "<group>"; };
		A82300AF1AE0892C00459317 /* Base */ = {isa = PBXFileReference; lastKnownFileType = file.xib; name = Base; path = Base.lproj/LaunchScreen.xib; sourceTree = "<group>"; };
		A82300B51AE0892C00459317 /* instaSLAMTests.xctest */ = {isa = PBXFileReference; explicitFileType = wrapper.cfbundle; includeInIndex = 0; path = instaSLAMTests.xctest; sourceTree = BUILT_PRODUCTS_DIR; };
		A82300BA1AE0892C00459317 /* Info.plist */ = {isa = PBXFileReference; lastKnownFileType = text.plist.xml; path = Info.plist; sourceTree = "<group>"; };
		A82300BB1AE0892C00459317 /* instaSLAMTests.swift */ = {isa = PBXFileReference; lastKnownFileType = sourcecode.swift; path = instaSLAMTests.swift; sourceTree = "<group>"; };
/* End PBXFileReference section */

/* Begin PBXFrameworksBuildPhase section */
		A823009D1AE0892C00459317 /* Frameworks */ = {
			isa = PBXFrameworksBuildPhase;
			buildActionMask = 2147483647;
			files = (
			);
			runOnlyForDeploymentPostprocessing = 0;
		};
		A82300B21AE0892C00459317 /* Frameworks */ = {
			isa = PBXFrameworksBuildPhase;
			buildActionMask = 2147483647;
			files = (
			);
			runOnlyForDeploymentPostprocessing = 0;
		};
/* End PBXFrameworksBuildPhase section */

/* Begin PBXGroup section */
		A82300971AE0892C00459317 = {
			isa = PBXGroup;
			children = (
				A82300A21AE0892C00459317 /* instaSLAM */,
				A82300B81AE0892C00459317 /* instaSLAMTests */,
				A82300A11AE0892C00459317 /* Products */,
			);
			sourceTree = "<group>";
		};
		A82300A11AE0892C00459317 /* Products */ = {
			isa = PBXGroup;
			children = (
				A82300A01AE0892C00459317 /* instaSLAM.app */,
				A82300B51AE0892C00459317 /* instaSLAMTests.xctest */,
			);
			name = Products;
			sourceTree = "<group>";
		};
		A82300A21AE0892C00459317 /* instaSLAM */ = {
			isa = PBXGroup;
			children = (
				A82300A51AE0892C00459317 /* AppDelegate.swift */,
				A82300A71AE0892C00459317 /* ViewController.swift */,
				A82300A91AE0892C00459317 /* Main.storyboard */,
				A82300AC1AE0892C00459317 /* Images.xcassets */,
				A82300AE1AE0892C00459317 /* LaunchScreen.xib */,
				A82300A31AE0892C00459317 /* Supporting Files */,
			);
			path = instaSLAM;
			sourceTree = "<group>";
		};
		A82300A31AE0892C00459317 /* Supporting Files */ = {
			isa = PBXGroup;
			children = (
				A82300A41AE0892C00459317 /* Info.plist */,
			);
			name = "Supporting Files";
			sourceTree = "<group>";
		};
		A82300B81AE0892C00459317 /* instaSLAMTests */ = {
			isa = PBXGroup;
			children = (
				A82300BB1AE0892C00459317 /* instaSLAMTests.swift */,
				A82300B91AE0892C00459317 /* Supporting Files */,
			);
			path = instaSLAMTests;
			sourceTree = "<group>";
		};
		A82300B91AE0892C00459317 /* Supporting Files */ = {
			isa = PBXGroup;
			children = (
				A82300BA1AE0892C00459317 /* Info.plist */,
			);
			name = "Supporting Files";
			sourceTree = "<group>";
		};
/* End PBXGroup section */

/* Begin PBXNativeTarget section */
		A823009F1AE0892C00459317 /* instaSLAM */ = {
			isa = PBXNativeTarget;
			buildConfigurationList = A82300BF1AE0892C00459317 /* Build configuration list for PBXNativeTarget "instaSLAM" */;
			buildPhases = (
				A823009C1AE0892C00459317 /* Sources */,
				A823009D1AE0892C00459317 /* Frameworks */,
				A823009E1AE0892C00459317 /* Resources */,
			);
			buildRules = (
			);
			dependencies = (
			);
			name = instaSLAM;
			productName = instaSLAM;
			productReference = A82300A01AE0892C00459317 /* instaSLAM.app */;
			productType = "com.apple.product-type.application";
		};
		A82300B41AE0892C00459317 /* instaSLAMTests */ = {
			isa = PBXNativeTarget;
			buildConfigurationList = A82300C21AE0892C00459317 /* Build configuration list for PBXNativeTarget "instaSLAMTests" */;
			buildPhases = (
				A82300B11AE0892C00459317 /* Sources */,
				A82300B21AE0892C00459317 /* Frameworks */,
				A82300B31AE0892C00459317 /* Resources */,
			);
			buildRules = (
			);
			dependencies = (
				A82300B71AE0892C00459317 /* PBXTargetDependency */,
			);
			name = instaSLAMTests;
			productName = instaSLAMTests;
			productReference = A82300B51AE0892C00459317 /* instaSLAMTests.xctest */;
			productType = "com.apple.product-type.bundle.unit-test";
		};
/* End PBXNativeTarget section */

/* Begin PBXProject section */
		A82300981AE0892C00459317 /* Project object */ = {
			isa = PBXProject;
			attributes = {
				LastUpgradeCheck = 0630;
				ORGANIZATIONNAME = "Chirag Davé";
				TargetAttributes = {
					A823009F1AE0892C00459317 = {
						CreatedOnToolsVersion = 6.3;
					};
					A82300B41AE0892C00459317 = {
						CreatedOnToolsVersion = 6.3;
						TestTargetID = A823009F1AE0892C00459317;
					};
				};
			};
			buildConfigurationList = A823009B1AE0892C00459317 /* Build configuration list for PBXProject "instaSLAM" */;
			compatibilityVersion = "Xcode 3.2";
			developmentRegion = English;
			hasScannedForEncodings = 0;
			knownRegions = (
				en,
				Base,
			);
			mainGroup = A82300971AE0892C00459317;
			productRefGroup = A82300A11AE0892C00459317 /* Products */;
			projectDirPath = "";
			projectRoot = "";
			targets = (
				A823009F1AE0892C00459317 /* instaSLAM */,
				A82300B41AE0892C00459317 /* instaSLAMTests */,
			);
		};
/* End PBXProject section */

/* Begin PBXResourcesBuildPhase section */
		A823009E1AE0892C00459317 /* Resources */ = {
			isa = PBXResourcesBuildPhase;
			buildActionMask = 2147483647;
			files = (
				A82300AB1AE0892C00459317 /* Main.storyboard in Resources */,
				A82300B01AE0892C00459317 /* LaunchScreen.xib in Resources */,
				A82300AD1AE0892C00459317 /* Images.xcassets in Resources */,
			);
			runOnlyForDeploymentPostprocessing = 0;
		};
		A82300B31AE0892C00459317 /* Resources */ = {
			isa = PBXResourcesBuildPhase;
			buildActionMask = 2147483647;
			files = (
			);
			runOnlyForDeploymentPostprocessing = 0;
		};
/* End PBXResourcesBuildPhase section */

/* Begin PBXSourcesBuildPhase section */
		A823009C1AE0892C00459317 /* Sources */ = {
			isa = PBXSourcesBuildPhase;
			buildActionMask = 2147483647;
			files = (
				A82300A81AE0892C00459317 /* ViewController.swift in Sources */,
				A82300A61AE0892C00459317 /* AppDelegate.swift in Sources */,
			);
			runOnlyForDeploymentPostprocessing = 0;
		};
		A82300B11AE0892C00459317 /* Sources */ = {
			isa = PBXSourcesBuildPhase;
			buildActionMask = 2147483647;
			files = (
				A82300BC1AE0892C00459317 /* instaSLAMTests.swift in Sources */,
			);
			runOnlyForDeploymentPostprocessing = 0;
		};
/* End PBXSourcesBuildPhase section */

/* Begin PBXTargetDependency section */
		A82300B71AE0892C00459317 /* PBXTargetDependency */ = {
			isa = PBXTargetDependency;
			target = A823009F1AE0892C00459317 /* instaSLAM */;
			targetProxy = A82300B61AE0892C00459317 /* PBXContainerItemProxy */;
		};
/* End PBXTargetDependency section */

/* Begin PBXVariantGroup section */
		A82300A91AE0892C00459317 /* Main.storyboard */ = {
			isa = PBXVariantGroup;
			children = (
				A82300AA1AE0892C00459317 /* Base */,
			);
			name = Main.storyboard;
			sourceTree = "<group>";
		};
		A82300AE1AE0892C00459317 /* LaunchScreen.xib */ = {
			isa = PBXVariantGroup;
			children = (
				A82300AF1AE0892C00459317 /* Base */,
			);
			name = LaunchScreen.xib;
			sourceTree = "<group>";
		};
/* End PBXVariantGroup section */

/* Begin XCBuildConfiguration section */
		A82300BD1AE0892C00459317 /* Debug */ = {
			isa = XCBuildConfiguration;
			buildSettings = {
				ALWAYS_SEARCH_USER_PATHS = NO;
				CLANG_CXX_LANGUAGE_STANDARD = "gnu++0x";
				CLANG_CXX_LIBRARY = "libc++";
				CLANG_ENABLE_MODULES = YES;
				CLANG_ENABLE_OBJC_ARC = YES;
				CLANG_WARN_BOOL_CONVERSION = YES;
				CLANG_WARN_CONSTANT_CONVERSION = YES;
				CLANG_WARN_DIRECT_OBJC_ISA_USAGE = YES_ERROR;
				CLANG_WARN_EMPTY_BODY = YES;
				CLANG_WARN_ENUM_CONVERSION = YES;
				CLANG_WARN_INT_CONVERSION = YES;
				CLANG_WARN_OBJC_ROOT_CLASS = YES_ERROR;
				CLANG_WARN_UNREACHABLE_CODE = YES;
				CLANG_WARN__DUPLICATE_METHOD_MATCH = YES;
				"CODE_SIGN_IDENTITY[sdk=iphoneos*]" = "iPhone Developer";
				COPY_PHASE_STRIP = NO;
				DEBUG_INFORMATION_FORMAT = "dwarf-with-dsym";
				ENABLE_STRICT_OBJC_MSGSEND = YES;
				GCC_C_LANGUAGE_STANDARD = gnu99;
				GCC_DYNAMIC_NO_PIC = NO;
				GCC_NO_COMMON_BLOCKS = YES;
				GCC_OPTIMIZATION_LEVEL = 0;
				GCC_PREPROCESSOR_DEFINITIONS = (
					"DEBUG=1",
					"$(inherited)",
				);
				GCC_SYMBOLS_PRIVATE_EXTERN = NO;
				GCC_WARN_64_TO_32_BIT_CONVERSION = YES;
				GCC_WARN_ABOUT_RETURN_TYPE = YES_ERROR;
				GCC_WARN_UNDECLARED_SELECTOR = YES;
				GCC_WARN_UNINITIALIZED_AUTOS = YES_AGGRESSIVE;
				GCC_WARN_UNUSED_FUNCTION = YES;
				GCC_WARN_UNUSED_VARIABLE = YES;
				IPHONEOS_DEPLOYMENT_TARGET = 8.3;
				MTL_ENABLE_DEBUG_INFO = YES;
				ONLY_ACTIVE_ARCH = YES;
				SDKROOT = iphoneos;
				SWIFT_OPTIMIZATION_LEVEL = "-Onone";
			};
			name = Debug;
		};
		A82300BE1AE0892C00459317 /* Release */ = {
			isa = XCBuildConfiguration;
			buildSettings = {
				ALWAYS_SEARCH_USER_PATHS = NO;
				CLANG_CXX_LANGUAGE_STANDARD = "gnu++0x";
				CLANG_CXX_LIBRARY = "libc++";
				CLANG_ENABLE_MODULES = YES;
				CLANG_ENABLE_OBJC_ARC = YES;
				CLANG_WARN_BOOL_CONVERSION = YES;
				CLANG_WARN_CONSTANT_CONVERSION = YES;
				CLANG_WARN_DIRECT_OBJC_ISA_USAGE = YES_ERROR;
				CLANG_WARN_EMPTY_BODY = YES;
				CLANG_WARN_ENUM_CONVERSION = YES;
				CLANG_WARN_INT_CONVERSION = YES;
				CLANG_WARN_OBJC_ROOT_CLASS = YES_ERROR;
				CLANG_WARN_UNREACHABLE_CODE = YES;
				CLANG_WARN__DUPLICATE_METHOD_MATCH = YES;
				"CODE_SIGN_IDENTITY[sdk=iphoneos*]" = "iPhone Developer";
				COPY_PHASE_STRIP = NO;
				DEBUG_INFORMATION_FORMAT = "dwarf-with-dsym";
				ENABLE_NS_ASSERTIONS = NO;
				ENABLE_STRICT_OBJC_MSGSEND = YES;
				GCC_C_LANGUAGE_STANDARD = gnu99;
				GCC_NO_COMMON_BLOCKS = YES;
				GCC_WARN_64_TO_32_BIT_CONVERSION = YES;
				GCC_WARN_ABOUT_RETURN_TYPE = YES_ERROR;
				GCC_WARN_UNDECLARED_SELECTOR = YES;
				GCC_WARN_UNINITIALIZED_AUTOS = YES_AGGRESSIVE;
				GCC_WARN_UNUSED_FUNCTION = YES;
				GCC_WARN_UNUSED_VARIABLE = YES;
				IPHONEOS_DEPLOYMENT_TARGET = 8.3;
				MTL_ENABLE_DEBUG_INFO = NO;
				SDKROOT = iphoneos;
				VALIDATE_PRODUCT = YES;
			};
			name = Release;
		};
		A82300C01AE0892C00459317 /* Debug */ = {
			isa = XCBuildConfiguration;
			buildSettings = {
				ASSETCATALOG_COMPILER_APPICON_NAME = AppIcon;
				INFOPLIST_FILE = instaSLAM/Info.plist;
				LD_RUNPATH_SEARCH_PATHS = "$(inherited) @executable_path/Frameworks";
				PRODUCT_NAME = "$(TARGET_NAME)";
			};
			name = Debug;
		};
		A82300C11AE0892C00459317 /* Release */ = {
			isa = XCBuildConfiguration;
			buildSettings = {
				ASSETCATALOG_COMPILER_APPICON_NAME = AppIcon;
				INFOPLIST_FILE = instaSLAM/Info.plist;
				LD_RUNPATH_SEARCH_PATHS = "$(inherited) @executable_path/Frameworks";
				PRODUCT_NAME = "$(TARGET_NAME)";
			};
			name = Release;
		};
		A82300C31AE0892C00459317 /* Debug */ = {
			isa = XCBuildConfiguration;
			buildSettings = {
				BUNDLE_LOADER = "$(TEST_HOST)";
				FRAMEWORK_SEARCH_PATHS = (
					"$(SDKROOT)/Developer/Library/Frameworks",
					"$(inherited)",
				);
				GCC_PREPROCESSOR_DEFINITIONS = (
					"DEBUG=1",
					"$(inherited)",
				);
				INFOPLIST_FILE = instaSLAMTests/Info.plist;
				LD_RUNPATH_SEARCH_PATHS = "$(inherited) @executable_path/Frameworks @loader_path/Frameworks";
				PRODUCT_NAME = "$(TARGET_NAME)";
				TEST_HOST = "$(BUILT_PRODUCTS_DIR)/instaSLAM.app/instaSLAM";
			};
			name = Debug;
		};
		A82300C41AE0892C00459317 /* Release */ = {
			isa = XCBuildConfiguration;
			buildSettings = {
				BUNDLE_LOADER = "$(TEST_HOST)";
				FRAMEWORK_SEARCH_PATHS = (
					"$(SDKROOT)/Developer/Library/Frameworks",
					"$(inherited)",
				);
				INFOPLIST_FILE = instaSLAMTests/Info.plist;
				LD_RUNPATH_SEARCH_PATHS = "$(inherited) @executable_path/Frameworks @loader_path/Frameworks";
				PRODUCT_NAME = "$(TARGET_NAME)";
				TEST_HOST = "$(BUILT_PRODUCTS_DIR)/instaSLAM.app/instaSLAM";
			};
			name = Release;
		};
/* End XCBuildConfiguration section */

/* Begin XCConfigurationList section */
		A823009B1AE0892C00459317 /* Build configuration list for PBXProject "instaSLAM" */ = {
			isa = XCConfigurationList;
			buildConfigurations = (
				A82300BD1AE0892C00459317 /* Debug */,
				A82300BE1AE0892C00459317 /* Release */,
			);
			defaultConfigurationIsVisible = 0;
			defaultConfigurationName = Release;
		};
		A82300BF1AE0892C00459317 /* Build configuration list for PBXNativeTarget "instaSLAM" */ = {
			isa = XCConfigurationList;
			buildConfigurations = (
				A82300C01AE0892C00459317 /* Debug */,
				A82300C11AE0892C00459317 /* Release */,
			);
			defaultConfigurationIsVisible = 0;
		};
		A82300C21AE0892C00459317 /* Build configuration list for PBXNativeTarget "instaSLAMTests" */ = {
			isa = XCConfigurationList;
			buildConfigurations = (
				A82300C31AE0892C00459317 /* Debug */,
				A82300C41AE0892C00459317 /* Release */,
			);
			defaultConfigurationIsVisible = 0;
		};
/* End XCConfigurationList section */
	};
	rootObject = A82300981AE0892C00459317 /* Project object */;
}
